
Microsoft Visual Studio Solution File, Format Version 12.00
# Visual Studio Version 17
VisualStudioVersion = 17.4.33403.182
MinimumVisualStudioVersion = 10.0.40219.1
Project("{9A19103F-16F7-4668-BE54-9A1E7A4F7556}") = "BlazorDB", "src\BlazorDB\BlazorDB.csproj", "{D0180843-D92A-44B7-9893-F2450415F208}"
EndProject
Project("{9A19103F-16F7-4668-BE54-9A1E7A4F7556}") = "BlazorDB.Example", "example\BlazorDB.Example\BlazorDB.Example.csproj", "{155CD782-6CEF-4115-9A04-1864A2CDFC90}"
EndProject
Global
	GlobalSection(SolutionConfigurationPlatforms) = preSolution
		Debug|Any CPU = Debug|Any CPU
		Release|Any CPU = Release|Any CPU
	EndGlobalSection
	GlobalSection(ProjectConfigurationPlatforms) = postSolution
		{D0180843-D92A-44B7-9893-F2450415F208}.Debug|Any CPU.ActiveCfg = Debug|Any CPU
		{D0180843-D92A-44B7-9893-F2450415F208}.Debug|Any CPU.Build.0 = Debug|Any CPU
		{D0180843-D92A-44B7-9893-F2450415F208}.Release|Any CPU.ActiveCfg = Release|Any CPU
		{D0180843-D92A-44B7-9893-F2450415F208}.Release|Any CPU.Build.0 = Release|Any CPU
		{155CD782-6CEF-4115-9A04-1864A2CDFC90}.Debug|Any CPU.ActiveCfg = Debug|Any CPU
		{155CD782-6CEF-4115-9A04-1864A2CDFC90}.Debug|Any CPU.Build.0 = Debug|Any CPU
		{155CD782-6CEF-4115-9A04-1864A2CDFC90}.Release|Any CPU.ActiveCfg = Release|Any CPU
		{155CD782-6CEF-4115-9A04-1864A2CDFC90}.Release|Any CPU.Build.0 = Release|Any CPU
	EndGlobalSection
	GlobalSection(SolutionProperties) = preSolution
		HideSolutionNode = FALSE
	EndGlobalSection
	GlobalSection(ExtensibilityGlobals) = postSolution
		SolutionGuid = {C885CF82-0E03-4E96-BB65-8BC40C579CE4}
	EndGlobalSection
EndGlobal
